
Microsoft Visual Studio Solution File, Format Version 12.00
# Visual Studio 15
VisualStudioVersion = 15.0.28307.329
MinimumVisualStudioVersion = 10.0.40219.1
Project("{FAE04EC0-301F-11D3-BF4B-00C04F79EFBC}") = "pREGUNTA2PARCIAL", "pREGUNTA2PARCIAL\pREGUNTA2PARCIAL.csproj", "{602F71C5-7D18-49D4-9D12-7A62168A531F}"
EndProject
Global
	GlobalSection(SolutionConfigurationPlatforms) = preSolution
		Debug|Any CPU = Debug|Any CPU
		Release|Any CPU = Release|Any CPU
	EndGlobalSection
	GlobalSection(ProjectConfigurationPlatforms) = postSolution
		{602F71C5-7D18-49D4-9D12-7A62168A531F}.Debug|Any CPU.ActiveCfg = Debug|Any CPU
		{602F71C5-7D18-49D4-9D12-7A62168A531F}.Debug|Any CPU.Build.0 = Debug|Any CPU
		{602F71C5-7D18-49D4-9D12-7A62168A531F}.Release|Any CPU.ActiveCfg = Release|Any CPU
		{602F71C5-7D18-49D4-9D12-7A62168A531F}.Release|Any CPU.Build.0 = Release|Any CPU
	EndGlobalSection
	GlobalSection(SolutionProperties) = preSolution
		HideSolutionNode = FALSE
	EndGlobalSection
	GlobalSection(ExtensibilityGlobals) = postSolution
		SolutionGuid = {37D0FC18-2A86-4097-B5FB-F3B8C009BD63}
	EndGlobalSection
EndGlobal
