
Microsoft Visual Studio Solution File, Format Version 12.00
# Visual Studio 15
VisualStudioVersion = 15.0.28307.329
MinimumVisualStudioVersion = 10.0.40219.1
Project("{FAE04EC0-301F-11D3-BF4B-00C04F79EFBC}") = "ServidorChat", "ServidorChat\ServidorChat.csproj", "{E1058558-AD2E-44B5-BA20-53559A1F39E3}"
EndProject
Global
	GlobalSection(SolutionConfigurationPlatforms) = preSolution
		Debug|Any CPU = Debug|Any CPU
		Release|Any CPU = Release|Any CPU
	EndGlobalSection
	GlobalSection(ProjectConfigurationPlatforms) = postSolution
		{E1058558-AD2E-44B5-BA20-53559A1F39E3}.Debug|Any CPU.ActiveCfg = Debug|Any CPU
		{E1058558-AD2E-44B5-BA20-53559A1F39E3}.Debug|Any CPU.Build.0 = Debug|Any CPU
		{E1058558-AD2E-44B5-BA20-53559A1F39E3}.Release|Any CPU.ActiveCfg = Release|Any CPU
		{E1058558-AD2E-44B5-BA20-53559A1F39E3}.Release|Any CPU.Build.0 = Release|Any CPU
	EndGlobalSection
	GlobalSection(SolutionProperties) = preSolution
		HideSolutionNode = FALSE
	EndGlobalSection
	GlobalSection(ExtensibilityGlobals) = postSolution
		SolutionGuid = {E1B91938-CD91-4AE4-8DC8-35C2F8CCED18}
	EndGlobalSection
EndGlobal
