
Microsoft Visual Studio Solution File, Format Version 12.00
# Visual Studio 15
VisualStudioVersion = 15.0.28307.329
MinimumVisualStudioVersion = 10.0.40219.1
Project("{FAE04EC0-301F-11D3-BF4B-00C04F79EFBC}") = "VAN", "VAN\VAN.csproj", "{022EF7EB-EB57-444C-AD6C-DFA4317919DD}"
EndProject
Global
	GlobalSection(SolutionConfigurationPlatforms) = preSolution
		Debug|Any CPU = Debug|Any CPU
		Release|Any CPU = Release|Any CPU
	EndGlobalSection
	GlobalSection(ProjectConfigurationPlatforms) = postSolution
		{022EF7EB-EB57-444C-AD6C-DFA4317919DD}.Debug|Any CPU.ActiveCfg = Debug|Any CPU
		{022EF7EB-EB57-444C-AD6C-DFA4317919DD}.Debug|Any CPU.Build.0 = Debug|Any CPU
		{022EF7EB-EB57-444C-AD6C-DFA4317919DD}.Release|Any CPU.ActiveCfg = Release|Any CPU
		{022EF7EB-EB57-444C-AD6C-DFA4317919DD}.Release|Any CPU.Build.0 = Release|Any CPU
	EndGlobalSection
	GlobalSection(SolutionProperties) = preSolution
		HideSolutionNode = FALSE
	EndGlobalSection
	GlobalSection(ExtensibilityGlobals) = postSolution
		SolutionGuid = {89A2B60E-157F-4608-B54D-65473B34661C}
	EndGlobalSection
EndGlobal
