
Microsoft Visual Studio Solution File, Format Version 12.00
# Visual Studio 15
VisualStudioVersion = 15.0.28307.136
MinimumVisualStudioVersion = 10.0.40219.1
Project("{FAE04EC0-301F-11D3-BF4B-00C04F79EFBC}") = "tarea2", "tarea2\tarea2.csproj", "{FE80BD9D-1B8F-4A00-8B14-5B8F88BB911E}"
EndProject
Global
	GlobalSection(SolutionConfigurationPlatforms) = preSolution
		Debug|Any CPU = Debug|Any CPU
		Release|Any CPU = Release|Any CPU
	EndGlobalSection
	GlobalSection(ProjectConfigurationPlatforms) = postSolution
		{FE80BD9D-1B8F-4A00-8B14-5B8F88BB911E}.Debug|Any CPU.ActiveCfg = Debug|Any CPU
		{FE80BD9D-1B8F-4A00-8B14-5B8F88BB911E}.Debug|Any CPU.Build.0 = Debug|Any CPU
		{FE80BD9D-1B8F-4A00-8B14-5B8F88BB911E}.Release|Any CPU.ActiveCfg = Release|Any CPU
		{FE80BD9D-1B8F-4A00-8B14-5B8F88BB911E}.Release|Any CPU.Build.0 = Release|Any CPU
	EndGlobalSection
	GlobalSection(SolutionProperties) = preSolution
		HideSolutionNode = FALSE
	EndGlobalSection
	GlobalSection(ExtensibilityGlobals) = postSolution
		SolutionGuid = {389DC6E4-5818-4E57-9ED1-BED53A76F5D3}
	EndGlobalSection
EndGlobal
